
Microsoft Visual Studio Solution File, Format Version 12.00
# Visual Studio 15
VisualStudioVersion = 15.0.26124.0
MinimumVisualStudioVersion = 15.0.26124.0
Project("{FAE04EC0-301F-11D3-BF4B-00C04F79EFBC}") = "DevRating.WebApi", "WebApi\DevRating.WebApi.csproj", "{F87C5E5E-A174-45A1-B749-04BBFF92CC2F}"
EndProject
Project("{FAE04EC0-301F-11D3-BF4B-00C04F79EFBC}") = "DevRating.SqlServerClient", "SqlServerClient\DevRating.SqlServerClient.csproj", "{0CFD9C9F-956D-4A2A-A793-186F5093F6D0}"
EndProject
Project("{FAE04EC0-301F-11D3-BF4B-00C04F79EFBC}") = "DevRating.SqlServerClient.Test", "SqlServerClient.Test\DevRating.SqlServerClient.Test.csproj", "{34B0C686-EACF-47B2-98ED-DCDFA4BF8D3B}"
EndProject
Project("{FAE04EC0-301F-11D3-BF4B-00C04F79EFBC}") = "DevRating.WebApi.Domain", "WebApi.Domain\DevRating.WebApi.Domain.csproj", "{05EE1AA3-C335-466D-AA17-B58F4CB07F61}"
EndProject
Global
	GlobalSection(SolutionConfigurationPlatforms) = preSolution
		Debug|Any CPU = Debug|Any CPU
		Debug|x64 = Debug|x64
		Debug|x86 = Debug|x86
		Release|Any CPU = Release|Any CPU
		Release|x64 = Release|x64
		Release|x86 = Release|x86
	EndGlobalSection
	GlobalSection(SolutionProperties) = preSolution
		HideSolutionNode = FALSE
	EndGlobalSection
	GlobalSection(ProjectConfigurationPlatforms) = postSolution
		{F87C5E5E-A174-45A1-B749-04BBFF92CC2F}.Debug|Any CPU.ActiveCfg = Debug|Any CPU
		{F87C5E5E-A174-45A1-B749-04BBFF92CC2F}.Debug|Any CPU.Build.0 = Debug|Any CPU
		{F87C5E5E-A174-45A1-B749-04BBFF92CC2F}.Debug|x64.ActiveCfg = Debug|Any CPU
		{F87C5E5E-A174-45A1-B749-04BBFF92CC2F}.Debug|x64.Build.0 = Debug|Any CPU
		{F87C5E5E-A174-45A1-B749-04BBFF92CC2F}.Debug|x86.ActiveCfg = Debug|Any CPU
		{F87C5E5E-A174-45A1-B749-04BBFF92CC2F}.Debug|x86.Build.0 = Debug|Any CPU
		{F87C5E5E-A174-45A1-B749-04BBFF92CC2F}.Release|Any CPU.ActiveCfg = Release|Any CPU
		{F87C5E5E-A174-45A1-B749-04BBFF92CC2F}.Release|Any CPU.Build.0 = Release|Any CPU
		{F87C5E5E-A174-45A1-B749-04BBFF92CC2F}.Release|x64.ActiveCfg = Release|Any CPU
		{F87C5E5E-A174-45A1-B749-04BBFF92CC2F}.Release|x64.Build.0 = Release|Any CPU
		{F87C5E5E-A174-45A1-B749-04BBFF92CC2F}.Release|x86.ActiveCfg = Release|Any CPU
		{F87C5E5E-A174-45A1-B749-04BBFF92CC2F}.Release|x86.Build.0 = Release|Any CPU
		{0CFD9C9F-956D-4A2A-A793-186F5093F6D0}.Debug|Any CPU.ActiveCfg = Debug|Any CPU
		{0CFD9C9F-956D-4A2A-A793-186F5093F6D0}.Debug|Any CPU.Build.0 = Debug|Any CPU
		{0CFD9C9F-956D-4A2A-A793-186F5093F6D0}.Debug|x64.ActiveCfg = Debug|Any CPU
		{0CFD9C9F-956D-4A2A-A793-186F5093F6D0}.Debug|x64.Build.0 = Debug|Any CPU
		{0CFD9C9F-956D-4A2A-A793-186F5093F6D0}.Debug|x86.ActiveCfg = Debug|Any CPU
		{0CFD9C9F-956D-4A2A-A793-186F5093F6D0}.Debug|x86.Build.0 = Debug|Any CPU
		{0CFD9C9F-956D-4A2A-A793-186F5093F6D0}.Release|Any CPU.ActiveCfg = Release|Any CPU
		{0CFD9C9F-956D-4A2A-A793-186F5093F6D0}.Release|Any CPU.Build.0 = Release|Any CPU
		{0CFD9C9F-956D-4A2A-A793-186F5093F6D0}.Release|x64.ActiveCfg = Release|Any CPU
		{0CFD9C9F-956D-4A2A-A793-186F5093F6D0}.Release|x64.Build.0 = Release|Any CPU
		{0CFD9C9F-956D-4A2A-A793-186F5093F6D0}.Release|x86.ActiveCfg = Release|Any CPU
		{0CFD9C9F-956D-4A2A-A793-186F5093F6D0}.Release|x86.Build.0 = Release|Any CPU
		{34B0C686-EACF-47B2-98ED-DCDFA4BF8D3B}.Debug|Any CPU.ActiveCfg = Debug|Any CPU
		{34B0C686-EACF-47B2-98ED-DCDFA4BF8D3B}.Debug|Any CPU.Build.0 = Debug|Any CPU
		{34B0C686-EACF-47B2-98ED-DCDFA4BF8D3B}.Debug|x64.ActiveCfg = Debug|Any CPU
		{34B0C686-EACF-47B2-98ED-DCDFA4BF8D3B}.Debug|x64.Build.0 = Debug|Any CPU
		{34B0C686-EACF-47B2-98ED-DCDFA4BF8D3B}.Debug|x86.ActiveCfg = Debug|Any CPU
		{34B0C686-EACF-47B2-98ED-DCDFA4BF8D3B}.Debug|x86.Build.0 = Debug|Any CPU
		{34B0C686-EACF-47B2-98ED-DCDFA4BF8D3B}.Release|Any CPU.ActiveCfg = Release|Any CPU
		{34B0C686-EACF-47B2-98ED-DCDFA4BF8D3B}.Release|Any CPU.Build.0 = Release|Any CPU
		{34B0C686-EACF-47B2-98ED-DCDFA4BF8D3B}.Release|x64.ActiveCfg = Release|Any CPU
		{34B0C686-EACF-47B2-98ED-DCDFA4BF8D3B}.Release|x64.Build.0 = Release|Any CPU
		{34B0C686-EACF-47B2-98ED-DCDFA4BF8D3B}.Release|x86.ActiveCfg = Release|Any CPU
		{34B0C686-EACF-47B2-98ED-DCDFA4BF8D3B}.Release|x86.Build.0 = Release|Any CPU
		{05EE1AA3-C335-466D-AA17-B58F4CB07F61}.Debug|Any CPU.ActiveCfg = Debug|Any CPU
		{05EE1AA3-C335-466D-AA17-B58F4CB07F61}.Debug|Any CPU.Build.0 = Debug|Any CPU
		{05EE1AA3-C335-466D-AA17-B58F4CB07F61}.Debug|x64.ActiveCfg = Debug|Any CPU
		{05EE1AA3-C335-466D-AA17-B58F4CB07F61}.Debug|x64.Build.0 = Debug|Any CPU
		{05EE1AA3-C335-466D-AA17-B58F4CB07F61}.Debug|x86.ActiveCfg = Debug|Any CPU
		{05EE1AA3-C335-466D-AA17-B58F4CB07F61}.Debug|x86.Build.0 = Debug|Any CPU
		{05EE1AA3-C335-466D-AA17-B58F4CB07F61}.Release|Any CPU.ActiveCfg = Release|Any CPU
		{05EE1AA3-C335-466D-AA17-B58F4CB07F61}.Release|Any CPU.Build.0 = Release|Any CPU
		{05EE1AA3-C335-466D-AA17-B58F4CB07F61}.Release|x64.ActiveCfg = Release|Any CPU
		{05EE1AA3-C335-466D-AA17-B58F4CB07F61}.Release|x64.Build.0 = Release|Any CPU
		{05EE1AA3-C335-466D-AA17-B58F4CB07F61}.Release|x86.ActiveCfg = Release|Any CPU
		{05EE1AA3-C335-466D-AA17-B58F4CB07F61}.Release|x86.Build.0 = Release|Any CPU
	EndGlobalSection
EndGlobal
